// !$*UTF8*$!
{
	archiveVersion = 1;
	classes = {
	};
	objectVersion = 50;
	objects = {

/* Begin PBXBuildFile section */
		930A7099215403B100690B20 /* AppDelegate.swift in Sources */ = {isa = PBXBuildFile; fileRef = 930A7098215403B100690B20 /* AppDelegate.swift */; };
		930A709E215403B100690B20 /* Main.storyboard in Resources */ = {isa = PBXBuildFile; fileRef = 930A709C215403B100690B20 /* Main.storyboard */; };
		930A70A0215403B300690B20 /* Assets.xcassets in Resources */ = {isa = PBXBuildFile; fileRef = 930A709F215403B300690B20 /* Assets.xcassets */; };
		930A70A3215403B300690B20 /* LaunchScreen.storyboard in Resources */ = {isa = PBXBuildFile; fileRef = 930A70A1215403B300690B20 /* LaunchScreen.storyboard */; };
		930A70AB215404C200690B20 /* TrafficLight.swift in Sources */ = {isa = PBXBuildFile; fileRef = 930A70AA215404C200690B20 /* TrafficLight.swift */; };
		930A70AD215409EB00690B20 /* TrafficLightService.swift in Sources */ = {isa = PBXBuildFile; fileRef = 930A70AC215409EB00690B20 /* TrafficLightService.swift */; };
		930A70B1215411C600690B20 /* TrafficLightPresenter.swift in Sources */ = {isa = PBXBuildFile; fileRef = 930A70B0215411C600690B20 /* TrafficLightPresenter.swift */; };
		930A7103215AC46A00690B20 /* TrafficLightViewController.swift in Sources */ = {isa = PBXBuildFile; fileRef = 930A7102215AC46A00690B20 /* TrafficLightViewController.swift */; };
/* End PBXBuildFile section */

/* Begin PBXFileReference section */
		930A7095215403B100690B20 /* MVPExample.app */ = {isa = PBXFileReference; explicitFileType = wrapper.application; includeInIndex = 0; path = MVPExample.app; sourceTree = BUILT_PRODUCTS_DIR; };
		930A7098215403B100690B20 /* AppDelegate.swift */ = {isa = PBXFileReference; lastKnownFileType = sourcecode.swift; path = AppDelegate.swift; sourceTree = "<group>"; };
		930A709D215403B100690B20 /* Base */ = {isa = PBXFileReference; lastKnownFileType = file.storyboard; name = Base; path = Base.lproj/Main.storyboard; sourceTree = "<group>"; };
		930A709F215403B300690B20 /* Assets.xcassets */ = {isa = PBXFileReference; lastKnownFileType = folder.assetcatalog; path = Assets.xcassets; sourceTree = "<group>"; };
		930A70A2215403B300690B20 /* Base */ = {isa = PBXFileReference; lastKnownFileType = file.storyboard; name = Base; path = Base.lproj/LaunchScreen.storyboard; sourceTree = "<group>"; };
		930A70A4215403B300690B20 /* Info.plist */ = {isa = PBXFileReference; lastKnownFileType = text.plist.xml; path = Info.plist; sourceTree = "<group>"; };
		930A70AA215404C200690B20 /* TrafficLight.swift */ = {isa = PBXFileReference; lastKnownFileType = sourcecode.swift; path = TrafficLight.swift; sourceTree = "<group>"; };
		930A70AC215409EB00690B20 /* TrafficLightService.swift */ = {isa = PBXFileReference; lastKnownFileType = sourcecode.swift; path = TrafficLightService.swift; sourceTree = "<group>"; };
		930A70B0215411C600690B20 /* TrafficLightPresenter.swift */ = {isa = PBXFileReference; lastKnownFileType = sourcecode.swift; path = TrafficLightPresenter.swift; sourceTree = "<group>"; };
		930A7102215AC46A00690B20 /* TrafficLightViewController.swift */ = {isa = PBXFileReference; lastKnownFileType = sourcecode.swift; path = TrafficLightViewController.swift; sourceTree = "<group>"; };
/* End PBXFileReference section */

/* Begin PBXFrameworksBuildPhase section */
		930A7092215403B100690B20 /* Frameworks */ = {
			isa = PBXFrameworksBuildPhase;
			buildActionMask = 2147483647;
			files = (
			);
			runOnlyForDeploymentPostprocessing = 0;
		};
/* End PBXFrameworksBuildPhase section */

/* Begin PBXGroup section */
		930A708C215403B100690B20 = {
			isa = PBXGroup;
			children = (
				930A7097215403B100690B20 /* MVPExample */,
				930A7096215403B100690B20 /* Products */,
			);
			sourceTree = "<group>";
		};
		930A7096215403B100690B20 /* Products */ = {
			isa = PBXGroup;
			children = (
				930A7095215403B100690B20 /* MVPExample.app */,
			);
			name = Products;
			sourceTree = "<group>";
		};
		930A7097215403B100690B20 /* MVPExample */ = {
			isa = PBXGroup;
			children = (
				930A710C215BF92F00690B20 /* DataSource */,
				930A710B215BF90C00690B20 /* Models */,
				930A7109215BF8FA00690B20 /* Views */,
				930A710A215BF90300690B20 /* Presenters */,
				930A7098215403B100690B20 /* AppDelegate.swift */,
				930A709C215403B100690B20 /* Main.storyboard */,
				930A709F215403B300690B20 /* Assets.xcassets */,
				930A70A1215403B300690B20 /* LaunchScreen.storyboard */,
				930A70A4215403B300690B20 /* Info.plist */,
			);
			path = MVPExample;
			sourceTree = "<group>";
		};
		930A7109215BF8FA00690B20 /* Views */ = {
			isa = PBXGroup;
			children = (
				930A7102215AC46A00690B20 /* TrafficLightViewController.swift */,
			);
			path = Views;
			sourceTree = "<group>";
		};
		930A710A215BF90300690B20 /* Presenters */ = {
			isa = PBXGroup;
			children = (
				930A70B0215411C600690B20 /* TrafficLightPresenter.swift */,
			);
			path = Presenters;
			sourceTree = "<group>";
		};
		930A710B215BF90C00690B20 /* Models */ = {
			isa = PBXGroup;
			children = (
				930A70AA215404C200690B20 /* TrafficLight.swift */,
			);
			path = Models;
			sourceTree = "<group>";
		};
		930A710C215BF92F00690B20 /* DataSource */ = {
			isa = PBXGroup;
			children = (
				930A70AC215409EB00690B20 /* TrafficLightService.swift */,
			);
			path = DataSource;
			sourceTree = "<group>";
		};
/* End PBXGroup section */

/* Begin PBXNativeTarget section */
		930A7094215403B100690B20 /* MVPExample */ = {
			isa = PBXNativeTarget;
			buildConfigurationList = 930A70A7215403B300690B20 /* Build configuration list for PBXNativeTarget "MVPExample" */;
			buildPhases = (
				930A7091215403B100690B20 /* Sources */,
				930A7092215403B100690B20 /* Frameworks */,
				930A7093215403B100690B20 /* Resources */,
			);
			buildRules = (
			);
			dependencies = (
			);
			name = MVPExample;
			productName = MVPExample;
			productReference = 930A7095215403B100690B20 /* MVPExample.app */;
			productType = "com.apple.product-type.application";
		};
/* End PBXNativeTarget section */

/* Begin PBXProject section */
		930A708D215403B100690B20 /* Project object */ = {
			isa = PBXProject;
			attributes = {
				LastSwiftUpdateCheck = 0940;
				LastUpgradeCheck = 0940;
				ORGANIZATIONNAME = saadeloulladi;
				TargetAttributes = {
					930A7094215403B100690B20 = {
						CreatedOnToolsVersion = 9.4.1;
					};
				};
			};
			buildConfigurationList = 930A7090215403B100690B20 /* Build configuration list for PBXProject "MVPExample" */;
			compatibilityVersion = "Xcode 9.3";
			developmentRegion = en;
			hasScannedForEncodings = 0;
			knownRegions = (
				en,
				Base,
			);
			mainGroup = 930A708C215403B100690B20;
			productRefGroup = 930A7096215403B100690B20 /* Products */;
			projectDirPath = "";
			projectRoot = "";
			targets = (
				930A7094215403B100690B20 /* MVPExample */,
			);
		};
/* End PBXProject section */

/* Begin PBXResourcesBuildPhase section */
		930A7093215403B100690B20 /* Resources */ = {
			isa = PBXResourcesBuildPhase;
			buildActionMask = 2147483647;
			files = (
				930A70A3215403B300690B20 /* LaunchScreen.storyboard in Resources */,
				930A70A0215403B300690B20 /* Assets.xcassets in Resources */,
				930A709E215403B100690B20 /* Main.storyboard in Resources */,
			);
			runOnlyForDeploymentPostprocessing = 0;
		};
/* End PBXResourcesBuildPhase section */

/* Begin PBXSourcesBuildPhase section */
		930A7091215403B100690B20 /* Sources */ = {
			isa = PBXSourcesBuildPhase;
			buildActionMask = 2147483647;
			files = (
				930A70AD215409EB00690B20 /* TrafficLightService.swift in Sources */,
				930A70B1215411C600690B20 /* TrafficLightPresenter.swift in Sources */,
				930A7099215403B100690B20 /* AppDelegate.swift in Sources */,
				930A7103215AC46A00690B20 /* TrafficLightViewController.swift in Sources */,
				930A70AB215404C200690B20 /* TrafficLight.swift in Sources */,
			);
			runOnlyForDeploymentPostprocessing = 0;
		};
/* End PBXSourcesBuildPhase section */

/* Begin PBXVariantGroup section */
		930A709C215403B100690B20 /* Main.storyboard */ = {
			isa = PBXVariantGroup;
			children = (
				930A709D215403B100690B20 /* Base */,
			);
			name = Main.storyboard;
			sourceTree = "<group>";
		};
		930A70A1215403B300690B20 /* LaunchScreen.storyboard */ = {
			isa = PBXVariantGroup;
			children = (
				930A70A2215403B300690B20 /* Base */,
			);
			name = LaunchScreen.storyboard;
			sourceTree = "<group>";
		};
/* End PBXVariantGroup section */

/* Begin XCBuildConfiguration section */
		930A70A5215403B300690B20 /* Debug */ = {
			isa = XCBuildConfiguration;
			buildSettings = {
				ALWAYS_SEARCH_USER_PATHS = NO;
				CLANG_ANALYZER_NONNULL = YES;
				CLANG_ANALYZER_NUMBER_OBJECT_CONVERSION = YES_AGGRESSIVE;
				CLANG_CXX_LANGUAGE_STANDARD = "gnu++14";
				CLANG_CXX_LIBRARY = "libc++";
				CLANG_ENABLE_MODULES = YES;
				CLANG_ENABLE_OBJC_ARC = YES;
				CLANG_ENABLE_OBJC_WEAK = YES;
				CLANG_WARN_BLOCK_CAPTURE_AUTORELEASING = YES;
				CLANG_WARN_BOOL_CONVERSION = YES;
				CLANG_WARN_COMMA = YES;
				CLANG_WARN_CONSTANT_CONVERSION = YES;
				CLANG_WARN_DEPRECATED_OBJC_IMPLEMENTATIONS = YES;
				CLANG_WARN_DIRECT_OBJC_ISA_USAGE = YES_ERROR;
				CLANG_WARN_DOCUMENTATION_COMMENTS = YES;
				CLANG_WARN_EMPTY_BODY = YES;
				CLANG_WARN_ENUM_CONVERSION = YES;
				CLANG_WARN_INFINITE_RECURSION = YES;
				CLANG_WARN_INT_CONVERSION = YES;
				CLANG_WARN_NON_LITERAL_NULL_CONVERSION = YES;
				CLANG_WARN_OBJC_IMPLICIT_RETAIN_SELF = YES;
				CLANG_WARN_OBJC_LITERAL_CONVERSION = YES;
				CLANG_WARN_OBJC_ROOT_CLASS = YES_ERROR;
				CLANG_WARN_RANGE_LOOP_ANALYSIS = YES;
				CLANG_WARN_STRICT_PROTOTYPES = YES;
				CLANG_WARN_SUSPICIOUS_MOVE = YES;
				CLANG_WARN_UNGUARDED_AVAILABILITY = YES_AGGRESSIVE;
				CLANG_WARN_UNREACHABLE_CODE = YES;
				CLANG_WARN__DUPLICATE_METHOD_MATCH = YES;
				CODE_SIGN_IDENTITY = "iPhone Developer";
				COPY_PHASE_STRIP = NO;
				DEBUG_INFORMATION_FORMAT = dwarf;
				ENABLE_STRICT_OBJC_MSGSEND = YES;
				ENABLE_TESTABILITY = YES;
				GCC_C_LANGUAGE_STANDARD = gnu11;
				GCC_DYNAMIC_NO_PIC = NO;
				GCC_NO_COMMON_BLOCKS = YES;
				GCC_OPTIMIZATION_LEVEL = 0;
				GCC_PREPROCESSOR_DEFINITIONS = (
					"DEBUG=1",
					"$(inherited)",
				);
				GCC_WARN_64_TO_32_BIT_CONVERSION = YES;
				GCC_WARN_ABOUT_RETURN_TYPE = YES_ERROR;
				GCC_WARN_UNDECLARED_SELECTOR = YES;
				GCC_WARN_UNINITIALIZED_AUTOS = YES_AGGRESSIVE;
				GCC_WARN_UNUSED_FUNCTION = YES;
				GCC_WARN_UNUSED_VARIABLE = YES;
				IPHONEOS_DEPLOYMENT_TARGET = 11.4;
				MTL_ENABLE_DEBUG_INFO = YES;
				ONLY_ACTIVE_ARCH = YES;
				SDKROOT = iphoneos;
				SWIFT_ACTIVE_COMPILATION_CONDITIONS = DEBUG;
				SWIFT_OPTIMIZATION_LEVEL = "-Onone";
			};
			name = Debug;
		};
		930A70A6215403B300690B20 /* Release */ = {
			isa = XCBuildConfiguration;
			buildSettings = {
				ALWAYS_SEARCH_USER_PATHS = NO;
				CLANG_ANALYZER_NONNULL = YES;
				CLANG_ANALYZER_NUMBER_OBJECT_CONVERSION = YES_AGGRESSIVE;
				CLANG_CXX_LANGUAGE_STANDARD = "gnu++14";
				CLANG_CXX_LIBRARY = "libc++";
				CLANG_ENABLE_MODULES = YES;
				CLANG_ENABLE_OBJC_ARC = YES;
				CLANG_ENABLE_OBJC_WEAK = YES;
				CLANG_WARN_BLOCK_CAPTURE_AUTORELEASING = YES;
				CLANG_WARN_BOOL_CONVERSION = YES;
				CLANG_WARN_COMMA = YES;
				CLANG_WARN_CONSTANT_CONVERSION = YES;
				CLANG_WARN_DEPRECATED_OBJC_IMPLEMENTATIONS = YES;
				CLANG_WARN_DIRECT_OBJC_ISA_USAGE = YES_ERROR;
				CLANG_WARN_DOCUMENTATION_COMMENTS = YES;
				CLANG_WARN_EMPTY_BODY = YES;
				CLANG_WARN_ENUM_CONVERSION = YES;
				CLANG_WARN_INFINITE_RECURSION = YES;
				CLANG_WARN_INT_CONVERSION = YES;
				CLANG_WARN_NON_LITERAL_NULL_CONVERSION = YES;
				CLANG_WARN_OBJC_IMPLICIT_RETAIN_SELF = YES;
				CLANG_WARN_OBJC_LITERAL_CONVERSION = YES;
				CLANG_WARN_OBJC_ROOT_CLASS = YES_ERROR;
				CLANG_WARN_RANGE_LOOP_ANALYSIS = YES;
				CLANG_WARN_STRICT_PROTOTYPES = YES;
				CLANG_WARN_SUSPICIOUS_MOVE = YES;
				CLANG_WARN_UNGUARDED_AVAILABILITY = YES_AGGRESSIVE;
				CLANG_WARN_UNREACHABLE_CODE = YES;
				CLANG_WARN__DUPLICATE_METHOD_MATCH = YES;
				CODE_SIGN_IDENTITY = "iPhone Developer";
				COPY_PHASE_STRIP = NO;
				DEBUG_INFORMATION_FORMAT = "dwarf-with-dsym";
				ENABLE_NS_ASSERTIONS = NO;
				ENABLE_STRICT_OBJC_MSGSEND = YES;
				GCC_C_LANGUAGE_STANDARD = gnu11;
				GCC_NO_COMMON_BLOCKS = YES;
				GCC_WARN_64_TO_32_BIT_CONVERSION = YES;
				GCC_WARN_ABOUT_RETURN_TYPE = YES_ERROR;
				GCC_WARN_UNDECLARED_SELECTOR = YES;
				GCC_WARN_UNINITIALIZED_AUTOS = YES_AGGRESSIVE;
				GCC_WARN_UNUSED_FUNCTION = YES;
				GCC_WARN_UNUSED_VARIABLE = YES;
				IPHONEOS_DEPLOYMENT_TARGET = 11.4;
				MTL_ENABLE_DEBUG_INFO = NO;
				SDKROOT = iphoneos;
				SWIFT_COMPILATION_MODE = wholemodule;
				SWIFT_OPTIMIZATION_LEVEL = "-O";
				VALIDATE_PRODUCT = YES;
			};
			name = Release;
		};
		930A70A8215403B300690B20 /* Debug */ = {
			isa = XCBuildConfiguration;
			buildSettings = {
				ASSETCATALOG_COMPILER_APPICON_NAME = AppIcon;
				CODE_SIGN_STYLE = Manual;
				DEVELOPMENT_TEAM = "";
				INFOPLIST_FILE = MVPExample/Info.plist;
				LD_RUNPATH_SEARCH_PATHS = (
					"$(inherited)",
					"@executable_path/Frameworks",
				);
				PRODUCT_BUNDLE_IDENTIFIER = saadeloulladi.build.MVPExample;
				PRODUCT_NAME = "$(TARGET_NAME)";
				PROVISIONING_PROFILE_SPECIFIER = "";
				SWIFT_VERSION = 4.0;
				TARGETED_DEVICE_FAMILY = "1,2";
			};
			name = Debug;
		};
		930A70A9215403B300690B20 /* Release */ = {
			isa = XCBuildConfiguration;
			buildSettings = {
				ASSETCATALOG_COMPILER_APPICON_NAME = AppIcon;
				CODE_SIGN_STYLE = Manual;
				DEVELOPMENT_TEAM = "";
				INFOPLIST_FILE = MVPExample/Info.plist;
				LD_RUNPATH_SEARCH_PATHS = (
					"$(inherited)",
					"@executable_path/Frameworks",
				);
				PRODUCT_BUNDLE_IDENTIFIER = saadeloulladi.build.MVPExample;
				PRODUCT_NAME = "$(TARGET_NAME)";
				PROVISIONING_PROFILE_SPECIFIER = "";
				SWIFT_VERSION = 4.0;
				TARGETED_DEVICE_FAMILY = "1,2";
			};
			name = Release;
		};
/* End XCBuildConfiguration section */

/* Begin XCConfigurationList section */
		930A7090215403B100690B20 /* Build configuration list for PBXProject "MVPExample" */ = {
			isa = XCConfigurationList;
			buildConfigurations = (
				930A70A5215403B300690B20 /* Debug */,
				930A70A6215403B300690B20 /* Release */,
			);
			defaultConfigurationIsVisible = 0;
			defaultConfigurationName = Release;
		};
		930A70A7215403B300690B20 /* Build configuration list for PBXNativeTarget "MVPExample" */ = {
			isa = XCConfigurationList;
			buildConfigurations = (
				930A70A8215403B300690B20 /* Debug */,
				930A70A9215403B300690B20 /* Release */,
			);
			defaultConfigurationIsVisible = 0;
			defaultConfigurationName = Release;
		};
/* End XCConfigurationList section */
	};
	rootObject = 930A708D215403B100690B20 /* Project object */;
}
